version = 1
requires-python = ">=3.13"

[[package]]
name = "colorama"
version = "0.4.6"
source = { registry = "https://pypi.org/simple" }
sdist = { url = "https://files.pythonhosted.org/packages/d8/53/6f443c9a4a8358a93a6792e2acffb9d9d5cb0a5cfd8802644b7b1c9a02e4/colorama-0.4.6.tar.gz", hash = "sha256:08695f5cb7ed6e0531a20572697297273c47b8cae5a63ffc6d6ed5c201be6e44", size = 27697 }
wheels = [
    { url = "https://files.pythonhosted.org/packages/d1/d6/3965ed04c63042e047cb6a3e6ed1a63a35087b6a609aa3a15ed8ac56c221/colorama-0.4.6-py2.py3-none-any.whl", hash = "sha256:4f1d9991f5acc0ca119f9d443620b77f9d6b33703e51011c16baf57afb285fc6", size = 25335 },
]

[[package]]
name = "coverage"
version = "7.11.0"
source = { registry = "https://pypi.org/simple" }
sdist = { url = "https://files.pythonhosted.org/packages/1c/38/ee22495420457259d2f3390309505ea98f98a5eed40901cf62196abad006/coverage-7.11.0.tar.gz", hash = "sha256:167bd504ac1ca2af7ff3b81d245dfea0292c5032ebef9d66cc08a7d28c1b8050", size = 811905 }
wheels = [
    { url = "https://files.pythonhosted.org/packages/60/7f/85e4dfe65e400645464b25c036a26ac226cf3a69d4a50c3934c532491cdd/coverage-7.11.0-cp313-cp313-macosx_10_13_x86_64.whl", hash = "sha256:cc3f49e65ea6e0d5d9bd60368684fe52a704d46f9e7fc413918f18d046ec40e1", size = 216129 },
    { url = "https://files.pythonhosted.org/packages/96/5d/dc5fa98fea3c175caf9d360649cb1aa3715e391ab00dc78c4c66fabd7356/coverage-7.11.0-cp313-cp313-macosx_11_0_arm64.whl", hash = "sha256:f39ae2f63f37472c17b4990f794035c9890418b1b8cca75c01193f3c8d3e01be", size = 216380 },
    { url = "https://files.pythonhosted.org/packages/b2/f5/3da9cc9596708273385189289c0e4d8197d37a386bdf17619013554b3447/coverage-7.11.0-cp313-cp313-manylinux1_i686.manylinux_2_28_i686.manylinux_2_5_i686.whl", hash = "sha256:7db53b5cdd2917b6eaadd0b1251cf4e7d96f4a8d24e174bdbdf2f65b5ea7994d", size = 247375 },
    { url = "https://files.pythonhosted.org/packages/65/6c/f7f59c342359a235559d2bc76b0c73cfc4bac7d61bb0df210965cb1ecffd/coverage-7.11.0-cp313-cp313-manylinux1_x86_64.manylinux_2_28_x86_64.manylinux_2_5_x86_64.whl", hash = "sha256:10ad04ac3a122048688387828b4537bc9cf60c0bf4869c1e9989c46e45690b82", size = 249978 },
    { url = "https://files.pythonhosted.org/packages/e7/8c/042dede2e23525e863bf1ccd2b92689692a148d8b5fd37c37899ba882645/coverage-7.11.0-cp313-cp313-manylinux2014_aarch64.manylinux_2_17_aarch64.manylinux_2_28_aarch64.whl", hash = "sha256:4036cc9c7983a2b1f2556d574d2eb2154ac6ed55114761685657e38782b23f52", size = 251253 },
    { url = "https://files.pythonhosted.org/packages/7b/a9/3c58df67bfa809a7bddd786356d9c5283e45d693edb5f3f55d0986dd905a/coverage-7.11.0-cp313-cp313-manylinux_2_31_riscv64.manylinux_2_39_riscv64.whl", hash = "sha256:7ab934dd13b1c5e94b692b1e01bd87e4488cb746e3a50f798cb9464fd128374b", size = 247591 },
    { url = "https://files.pythonhosted.org/packages/26/5b/c7f32efd862ee0477a18c41e4761305de6ddd2d49cdeda0c1116227570fd/coverage-7.11.0-cp313-cp313-musllinux_1_2_aarch64.whl", hash = "sha256:59a6e5a265f7cfc05f76e3bb53eca2e0dfe90f05e07e849930fecd6abb8f40b4", size = 249411 },
    { url = "https://files.pythonhosted.org/packages/76/b5/78cb4f1e86c1611431c990423ec0768122905b03837e1b4c6a6f388a858b/coverage-7.11.0-cp313-cp313-musllinux_1_2_i686.whl", hash = "sha256:df01d6c4c81e15a7c88337b795bb7595a8596e92310266b5072c7e301168efbd", size = 247303 },
    { url = "https://files.pythonhosted.org/packages/87/c9/23c753a8641a330f45f221286e707c427e46d0ffd1719b080cedc984ec40/coverage-7.11.0-cp313-cp313-musllinux_1_2_riscv64.whl", hash = "sha256:8c934bd088eed6174210942761e38ee81d28c46de0132ebb1801dbe36a390dcc", size = 247157 },
    { url = "https://files.pythonhosted.org/packages/c5/42/6e0cc71dc8a464486e944a4fa0d85bdec031cc2969e98ed41532a98336b9/coverage-7.11.0-cp313-cp313-musllinux_1_2_x86_64.whl", hash = "sha256:5a03eaf7ec24078ad64a07f02e30060aaf22b91dedf31a6b24d0d98d2bba7f48", size = 248921 },
    { url = "https://files.pythonhosted.org/packages/e8/1c/743c2ef665e6858cccb0f84377dfe3a4c25add51e8c7ef19249be92465b6/coverage-7.11.0-cp313-cp313-win32.whl", hash = "sha256:695340f698a5f56f795b2836abe6fb576e7c53d48cd155ad2f80fd24bc63a040", size = 218526 },
    { url = "https://files.pythonhosted.org/packages/ff/d5/226daadfd1bf8ddbccefbd3aa3547d7b960fb48e1bdac124e2dd13a2b71a/coverage-7.11.0-cp313-cp313-win_amd64.whl", hash = "sha256:2727d47fce3ee2bac648528e41455d1b0c46395a087a229deac75e9f88ba5a05", size = 219317 },
    { url = "https://files.pythonhosted.org/packages/97/54/47db81dcbe571a48a298f206183ba8a7ba79200a37cd0d9f4788fcd2af4a/coverage-7.11.0-cp313-cp313-win_arm64.whl", hash = "sha256:0efa742f431529699712b92ecdf22de8ff198df41e43aeaaadf69973eb93f17a", size = 217948 },
    { url = "https://files.pythonhosted.org/packages/e5/8b/cb68425420154e7e2a82fd779a8cc01549b6fa83c2ad3679cd6c088ebd07/coverage-7.11.0-cp313-cp313t-macosx_10_13_x86_64.whl", hash = "sha256:587c38849b853b157706407e9ebdca8fd12f45869edb56defbef2daa5fb0812b", size = 216837 },
    { url = "https://files.pythonhosted.org/packages/33/55/9d61b5765a025685e14659c8d07037247de6383c0385757544ffe4606475/coverage-7.11.0-cp313-cp313t-macosx_11_0_arm64.whl", hash = "sha256:b971bdefdd75096163dd4261c74be813c4508477e39ff7b92191dea19f24cd37", size = 217061 },
    { url = "https://files.pythonhosted.org/packages/52/85/292459c9186d70dcec6538f06ea251bc968046922497377bf4a1dc9a71de/coverage-7.11.0-cp313-cp313t-manylinux1_i686.manylinux_2_28_i686.manylinux_2_5_i686.whl", hash = "sha256:269bfe913b7d5be12ab13a95f3a76da23cf147be7fa043933320ba5625f0a8de", size = 258398 },
    { url = "https://files.pythonhosted.org/packages/1f/e2/46edd73fb8bf51446c41148d81944c54ed224854812b6ca549be25113ee0/coverage-7.11.0-cp313-cp313t-manylinux1_x86_64.manylinux_2_28_x86_64.manylinux_2_5_x86_64.whl", hash = "sha256:dadbcce51a10c07b7c72b0ce4a25e4b6dcb0c0372846afb8e5b6307a121eb99f", size = 260574 },
    { url = "https://files.pythonhosted.org/packages/07/5e/1df469a19007ff82e2ca8fe509822820a31e251f80ee7344c34f6cd2ec43/coverage-7.11.0-cp313-cp313t-manylinux2014_aarch64.manylinux_2_17_aarch64.manylinux_2_28_aarch64.whl", hash = "sha256:9ed43fa22c6436f7957df036331f8fe4efa7af132054e1844918866cd228af6c", size = 262797 },
    { url = "https://files.pythonhosted.org/packages/f9/50/de216b31a1434b94d9b34a964c09943c6be45069ec704bfc379d8d89a649/coverage-7.11.0-cp313-cp313t-manylinux_2_31_riscv64.manylinux_2_39_riscv64.whl", hash = "sha256:9516add7256b6713ec08359b7b05aeff8850c98d357784c7205b2e60aa2513fa", size = 257361 },
    { url = "https://files.pythonhosted.org/packages/82/1e/3f9f8344a48111e152e0fd495b6fff13cc743e771a6050abf1627a7ba918/coverage-7.11.0-cp313-cp313t-musllinux_1_2_aarch64.whl", hash = "sha256:eb92e47c92fcbcdc692f428da67db33337fa213756f7adb6a011f7b5a7a20740", size = 260349 },
    { url = "https://files.pythonhosted.org/packages/65/9b/3f52741f9e7d82124272f3070bbe316006a7de1bad1093f88d59bfc6c548/coverage-7.11.0-cp313-cp313t-musllinux_1_2_i686.whl", hash = "sha256:d06f4fc7acf3cabd6d74941d53329e06bab00a8fe10e4df2714f0b134bfc64ef", size = 258114 },
    { url = "https://files.pythonhosted.org/packages/0b/8b/918f0e15f0365d50d3986bbd3338ca01178717ac5678301f3f547b6619e6/coverage-7.11.0-cp313-cp313t-musllinux_1_2_riscv64.whl", hash = "sha256:6fbcee1a8f056af07ecd344482f711f563a9eb1c2cad192e87df00338ec3cdb0", size = 256723 },
    { url = "https://files.pythonhosted.org/packages/44/9e/7776829f82d3cf630878a7965a7d70cc6ca94f22c7d20ec4944f7148cb46/coverage-7.11.0-cp313-cp313t-musllinux_1_2_x86_64.whl", hash = "sha256:dbbf012be5f32533a490709ad597ad8a8ff80c582a95adc8d62af664e532f9ca", size = 259238 },
    { url = "https://files.pythonhosted.org/packages/9a/b8/49cf253e1e7a3bedb85199b201862dd7ca4859f75b6cf25ffa7298aa0760/coverage-7.11.0-cp313-cp313t-win32.whl", hash = "sha256:cee6291bb4fed184f1c2b663606a115c743df98a537c969c3c64b49989da96c2", size = 219180 },
    { url = "https://files.pythonhosted.org/packages/ac/e1/1a541703826be7ae2125a0fb7f821af5729d56bb71e946e7b933cc7a89a4/coverage-7.11.0-cp313-cp313t-win_amd64.whl", hash = "sha256:a386c1061bf98e7ea4758e4313c0ab5ecf57af341ef0f43a0bf26c2477b5c268", size = 220241 },
    { url = "https://files.pythonhosted.org/packages/d5/d1/5ee0e0a08621140fd418ec4020f595b4d52d7eb429ae6a0c6542b4ba6f14/coverage-7.11.0-cp313-cp313t-win_arm64.whl", hash = "sha256:f9ea02ef40bb83823b2b04964459d281688fe173e20643870bb5d2edf68bc836", size = 218510 },
    { url = "https://files.pythonhosted.org/packages/f4/06/e923830c1985ce808e40a3fa3eb46c13350b3224b7da59757d37b6ce12b8/coverage-7.11.0-cp314-cp314-macosx_10_13_x86_64.whl", hash = "sha256:c770885b28fb399aaf2a65bbd1c12bf6f307ffd112d6a76c5231a94276f0c497", size = 216110 },
    { url = "https://files.pythonhosted.org/packages/42/82/cdeed03bfead45203fb651ed756dfb5266028f5f939e7f06efac4041dad5/coverage-7.11.0-cp314-cp314-macosx_11_0_arm64.whl", hash = "sha256:a3d0e2087dba64c86a6b254f43e12d264b636a39e88c5cc0a01a7c71bcfdab7e", size = 216395 },
    { url = "https://files.pythonhosted.org/packages/fc/ba/e1c80caffc3199aa699813f73ff097bc2df7b31642bdbc7493600a8f1de5/coverage-7.11.0-cp314-cp314-manylinux1_i686.manylinux_2_28_i686.manylinux_2_5_i686.whl", hash = "sha256:73feb83bb41c32811973b8565f3705caf01d928d972b72042b44e97c71fd70d1", size = 247433 },
    { url = "https://files.pythonhosted.org/packages/80/c0/5b259b029694ce0a5bbc1548834c7ba3db41d3efd3474489d7efce4ceb18/coverage-7.11.0-cp314-cp314-manylinux1_x86_64.manylinux_2_28_x86_64.manylinux_2_5_x86_64.whl", hash = "sha256:c6f31f281012235ad08f9a560976cc2fc9c95c17604ff3ab20120fe480169bca", size = 249970 },
    { url = "https://files.pythonhosted.org/packages/8c/86/171b2b5e1aac7e2fd9b43f7158b987dbeb95f06d1fbecad54ad8163ae3e8/coverage-7.11.0-cp314-cp314-manylinux2014_aarch64.manylinux_2_17_aarch64.manylinux_2_28_aarch64.whl", hash = "sha256:e9570ad567f880ef675673992222746a124b9595506826b210fbe0ce3f0499cd", size = 251324 },
    { url = "https://files.pythonhosted.org/packages/1a/7e/7e10414d343385b92024af3932a27a1caf75c6e27ee88ba211221ff1a145/coverage-7.11.0-cp314-cp314-manylinux_2_31_riscv64.manylinux_2_39_riscv64.whl", hash = "sha256:8badf70446042553a773547a61fecaa734b55dc738cacf20c56ab04b77425e43", size = 247445 },
    { url = "https://files.pythonhosted.org/packages/c4/3b/e4f966b21f5be8c4bf86ad75ae94efa0de4c99c7bbb8114476323102e345/coverage-7.11.0-cp314-cp314-musllinux_1_2_aarch64.whl", hash = "sha256:a09c1211959903a479e389685b7feb8a17f59ec5a4ef9afde7650bd5eabc2777", size = 249324 },
    { url = "https://files.pythonhosted.org/packages/00/a2/8479325576dfcd909244d0df215f077f47437ab852ab778cfa2f8bf4d954/coverage-7.11.0-cp314-cp314-musllinux_1_2_i686.whl", hash = "sha256:5ef83b107f50db3f9ae40f69e34b3bd9337456c5a7fe3461c7abf8b75dd666a2", size = 247261 },
    { url = "https://files.pythonhosted.org/packages/7b/d8/3a9e2db19d94d65771d0f2e21a9ea587d11b831332a73622f901157cc24b/coverage-7.11.0-cp314-cp314-musllinux_1_2_riscv64.whl", hash = "sha256:f91f927a3215b8907e214af77200250bb6aae36eca3f760f89780d13e495388d", size = 247092 },
    { url = "https://files.pythonhosted.org/packages/b3/b1/bbca3c472544f9e2ad2d5116b2379732957048be4b93a9c543fcd0207e5f/coverage-7.11.0-cp314-cp314-musllinux_1_2_x86_64.whl", hash = "sha256:cdbcd376716d6b7fbfeedd687a6c4be019c5a5671b35f804ba76a4c0a778cba4", size = 248755 },
    { url = "https://files.pythonhosted.org/packages/89/49/638d5a45a6a0f00af53d6b637c87007eb2297042186334e9923a61aa8854/coverage-7.11.0-cp314-cp314-win32.whl", hash = "sha256:bab7ec4bb501743edc63609320aaec8cd9188b396354f482f4de4d40a9d10721", size = 218793 },
    { url = "https://files.pythonhosted.org/packages/30/cc/b675a51f2d068adb3cdf3799212c662239b0ca27f4691d1fff81b92ea850/coverage-7.11.0-cp314-cp314-win_amd64.whl", hash = "sha256:3d4ba9a449e9364a936a27322b20d32d8b166553bfe63059bd21527e681e2fad", size = 219587 },
    { url = "https://files.pythonhosted.org/packages/93/98/5ac886876026de04f00820e5094fe22166b98dcb8b426bf6827aaf67048c/coverage-7.11.0-cp314-cp314-win_arm64.whl", hash = "sha256:ce37f215223af94ef0f75ac68ea096f9f8e8c8ec7d6e8c346ee45c0d363f0479", size = 218168 },
    { url = "https://files.pythonhosted.org/packages/14/d1/b4145d35b3e3ecf4d917e97fc8895bcf027d854879ba401d9ff0f533f997/coverage-7.11.0-cp314-cp314t-macosx_10_13_x86_64.whl", hash = "sha256:f413ce6e07e0d0dc9c433228727b619871532674b45165abafe201f200cc215f", size = 216850 },
    { url = "https://files.pythonhosted.org/packages/ca/d1/7f645fc2eccd318369a8a9948acc447bb7c1ade2911e31d3c5620544c22b/coverage-7.11.0-cp314-cp314t-macosx_11_0_arm64.whl", hash = "sha256:05791e528a18f7072bf5998ba772fe29db4da1234c45c2087866b5ba4dea710e", size = 217071 },
    { url = "https://files.pythonhosted.org/packages/54/7d/64d124649db2737ceced1dfcbdcb79898d5868d311730f622f8ecae84250/coverage-7.11.0-cp314-cp314t-manylinux1_i686.manylinux_2_28_i686.manylinux_2_5_i686.whl", hash = "sha256:cacb29f420cfeb9283b803263c3b9a068924474ff19ca126ba9103e1278dfa44", size = 258570 },
    { url = "https://files.pythonhosted.org/packages/6c/3f/6f5922f80dc6f2d8b2c6f974835c43f53eb4257a7797727e6ca5b7b2ec1f/coverage-7.11.0-cp314-cp314t-manylinux1_x86_64.manylinux_2_28_x86_64.manylinux_2_5_x86_64.whl", hash = "sha256:314c24e700d7027ae3ab0d95fbf8d53544fca1f20345fd30cd219b737c6e58d3", size = 260738 },
    { url = "https://files.pythonhosted.org/packages/0e/5f/9e883523c4647c860b3812b417a2017e361eca5b635ee658387dc11b13c1/coverage-7.11.0-cp314-cp314t-manylinux2014_aarch64.manylinux_2_17_aarch64.manylinux_2_28_aarch64.whl", hash = "sha256:630d0bd7a293ad2fc8b4b94e5758c8b2536fdf36c05f1681270203e463cbfa9b", size = 262994 },
    { url = "https://files.pythonhosted.org/packages/07/bb/43b5a8e94c09c8bf51743ffc65c4c841a4ca5d3ed191d0a6919c379a1b83/coverage-7.11.0-cp314-cp314t-manylinux_2_31_riscv64.manylinux_2_39_riscv64.whl", hash = "sha256:e89641f5175d65e2dbb44db15fe4ea48fade5d5bbb9868fdc2b4fce22f4a469d", size = 257282 },
    { url = "https://files.pythonhosted.org/packages/aa/e5/0ead8af411411330b928733e1d201384b39251a5f043c1612970310e8283/coverage-7.11.0-cp314-cp314t-musllinux_1_2_aarch64.whl", hash = "sha256:c9f08ea03114a637dab06cedb2e914da9dc67fa52c6015c018ff43fdde25b9c2", size = 260430 },
    { url = "https://files.pythonhosted.org/packages/ae/66/03dd8bb0ba5b971620dcaac145461950f6d8204953e535d2b20c6b65d729/coverage-7.11.0-cp314-cp314t-musllinux_1_2_i686.whl", hash = "sha256:ce9f3bde4e9b031eaf1eb61df95c1401427029ea1bfddb8621c1161dcb0fa02e", size = 258190 },
    { url = "https://files.pythonhosted.org/packages/45/ae/28a9cce40bf3174426cb2f7e71ee172d98e7f6446dff936a7ccecee34b14/coverage-7.11.0-cp314-cp314t-musllinux_1_2_riscv64.whl", hash = "sha256:e4dc07e95495923d6fd4d6c27bf70769425b71c89053083843fd78f378558996", size = 256658 },
    { url = "https://files.pythonhosted.org/packages/5c/7c/3a44234a8599513684bfc8684878fd7b126c2760f79712bb78c56f19efc4/coverage-7.11.0-cp314-cp314t-musllinux_1_2_x86_64.whl", hash = "sha256:424538266794db2861db4922b05d729ade0940ee69dcf0591ce8f69784db0e11", size = 259342 },
    { url = "https://files.pythonhosted.org/packages/e1/e6/0108519cba871af0351725ebdb8660fd7a0fe2ba3850d56d32490c7d9b4b/coverage-7.11.0-cp314-cp314t-win32.whl", hash = "sha256:4c1eeb3fb8eb9e0190bebafd0462936f75717687117339f708f395fe455acc73", size = 219568 },
    { url = "https://files.pythonhosted.org/packages/c9/76/44ba876e0942b4e62fdde23ccb029ddb16d19ba1bef081edd00857ba0b16/coverage-7.11.0-cp314-cp314t-win_amd64.whl", hash = "sha256:b56efee146c98dbf2cf5cffc61b9829d1e94442df4d7398b26892a53992d3547", size = 220687 },
    { url = "https://files.pythonhosted.org/packages/b9/0c/0df55ecb20d0d0ed5c322e10a441775e1a3a5d78c60f0c4e1abfe6fcf949/coverage-7.11.0-cp314-cp314t-win_arm64.whl", hash = "sha256:b5c2705afa83f49bd91962a4094b6b082f94aef7626365ab3f8f4bd159c5acf3", size = 218711 },
    { url = "https://files.pythonhosted.org/packages/5f/04/642c1d8a448ae5ea1369eac8495740a79eb4e581a9fb0cbdce56bbf56da1/coverage-7.11.0-py3-none-any.whl", hash = "sha256:4b7589765348d78fb4e5fb6ea35d07564e387da2fc5efff62e0222971f155f68", size = 207761 },
]

[[package]]
name = "defusedxml"
version = "0.7.1"
source = { registry = "https://pypi.org/simple" }
sdist = { url = "https://files.pythonhosted.org/packages/0f/d5/c66da9b79e5bdb124974bfe172b4daf3c984ebd9c2a06e2b8a4dc7331c72/defusedxml-0.7.1.tar.gz", hash = "sha256:1bb3032db185915b62d7c6209c5a8792be6a32ab2fedacc84e01b52c51aa3e69", size = 75520 }
wheels = [
    { url = "https://files.pythonhosted.org/packages/07/6c/aa3f2f849e01cb6a001cd8554a88d4c77c5c1a31c95bdf1cf9301e6d9ef4/defusedxml-0.7.1-py2.py3-none-any.whl", hash = "sha256:a352e7e428770286cc899e2542b6cdaedb2b4953ff269a210103ec58f6198a61", size = 25604 },
]

[[package]]
name = "execnet"
version = "2.1.1"
source = { registry = "https://pypi.org/simple" }
sdist = { url = "https://files.pythonhosted.org/packages/bb/ff/b4c0dc78fbe20c3e59c0c7334de0c27eb4001a2b2017999af398bf730817/execnet-2.1.1.tar.gz", hash = "sha256:5189b52c6121c24feae288166ab41b32549c7e2348652736540b9e6e7d4e72e3", size = 166524 }
wheels = [
    { url = "https://files.pythonhosted.org/packages/43/09/2aea36ff60d16dd8879bdb2f5b3ee0ba8d08cbbdcdfe870e695ce3784385/execnet-2.1.1-py3-none-any.whl", hash = "sha256:26dee51f1b80cebd6d0ca8e74dd8745419761d3bef34163928cbebbdc4749fdc", size = 40612 },
]

[[package]]
name = "iniconfig"
version = "2.0.0"
source = { registry = "https://pypi.org/simple" }
sdist = { url = "https://files.pythonhosted.org/packages/d7/4b/cbd8e699e64a6f16ca3a8220661b5f83792b3017d0f79807cb8708d33913/iniconfig-2.0.0.tar.gz", hash = "sha256:2d91e135bf72d31a410b17c16da610a82cb55f6b0477d1a902134b24a455b8b3", size = 4646 }
wheels = [
    { url = "https://files.pythonhosted.org/packages/ef/a6/62565a6e1cf69e10f5727360368e451d4b7f58beeac6173dc9db836a5b46/iniconfig-2.0.0-py3-none-any.whl", hash = "sha256:b6a85871a79d2e3b22d2d1b94ac2824226a63c6b741c88f7ae975f18b6778374", size = 5892 },
]

[[package]]
name = "json2xml"
version = "5.2.1"
source = { editable = "." }
dependencies = [
    { name = "coverage" },
    { name = "defusedxml" },
    { name = "pytest" },
    { name = "pytest-cov" },
    { name = "pytest-xdist" },
    { name = "setuptools" },
    { name = "urllib3" },
    { name = "xmltodict" },
]

[package.optional-dependencies]
test = [
    { name = "coverage" },
    { name = "pytest" },
    { name = "pytest-cov" },
    { name = "pytest-xdist" },
]

[package.metadata]
requires-dist = [
    { name = "coverage", specifier = ">=7.10.3" },
    { name = "coverage", marker = "extra == 'test'", specifier = ">=7.10.3" },
    { name = "defusedxml" },
    { name = "pytest", specifier = ">=8.4.1" },
    { name = "pytest", marker = "extra == 'test'", specifier = ">=8.4.1" },
    { name = "pytest-cov", specifier = ">=6.2.1" },
    { name = "pytest-cov", marker = "extra == 'test'", specifier = ">=6.2.1" },
    { name = "pytest-xdist", specifier = ">=3.8.0" },
    { name = "pytest-xdist", marker = "extra == 'test'", specifier = ">=3.8.0" },
    { name = "setuptools" },
    { name = "urllib3" },
    { name = "xmltodict", specifier = ">=0.12.0" },
]

[[package]]
name = "packaging"
version = "24.2"
source = { registry = "https://pypi.org/simple" }
sdist = { url = "https://files.pythonhosted.org/packages/d0/63/68dbb6eb2de9cb10ee4c9c14a0148804425e13c4fb20d61cce69f53106da/packaging-24.2.tar.gz", hash = "sha256:c228a6dc5e932d346bc5739379109d49e8853dd8223571c7c5b55260edc0b97f", size = 163950 }
wheels = [
    { url = "https://files.pythonhosted.org/packages/88/ef/eb23f262cca3c0c4eb7ab1933c3b1f03d021f2c48f54763065b6f0e321be/packaging-24.2-py3-none-any.whl", hash = "sha256:09abb1bccd265c01f4a3aa3f7a7db064b36514d2cba19a2f694fe6150451a759", size = 65451 },
]

[[package]]
name = "pluggy"
version = "1.5.0"
source = { registry = "https://pypi.org/simple" }
sdist = { url = "https://files.pythonhosted.org/packages/96/2d/02d4312c973c6050a18b314a5ad0b3210edb65a906f868e31c111dede4a6/pluggy-1.5.0.tar.gz", hash = "sha256:2cffa88e94fdc978c4c574f15f9e59b7f4201d439195c3715ca9e2486f1d0cf1", size = 67955 }
wheels = [
    { url = "https://files.pythonhosted.org/packages/88/5f/e351af9a41f866ac3f1fac4ca0613908d9a41741cfcf2228f4ad853b697d/pluggy-1.5.0-py3-none-any.whl", hash = "sha256:44e1ad92c8ca002de6377e165f3e0f1be63266ab4d554740532335b9d75ea669", size = 20556 },
]

[[package]]
name = "pygments"
version = "2.19.2"
source = { registry = "https://pypi.org/simple" }
sdist = { url = "https://files.pythonhosted.org/packages/b0/77/a5b8c569bf593b0140bde72ea885a803b82086995367bf2037de0159d924/pygments-2.19.2.tar.gz", hash = "sha256:636cb2477cec7f8952536970bc533bc43743542f70392ae026374600add5b887", size = 4968631 }
wheels = [
    { url = "https://files.pythonhosted.org/packages/c7/21/705964c7812476f378728bdf590ca4b771ec72385c533964653c68e86bdc/pygments-2.19.2-py3-none-any.whl", hash = "sha256:86540386c03d588bb81d44bc3928634ff26449851e99741617ecb9037ee5ec0b", size = 1225217 },
]

[[package]]
name = "pytest"
version = "8.4.2"
source = { registry = "https://pypi.org/simple" }
dependencies = [
    { name = "colorama", marker = "sys_platform == 'win32'" },
    { name = "iniconfig" },
    { name = "packaging" },
    { name = "pluggy" },
    { name = "pygments" },
]
sdist = { url = "https://files.pythonhosted.org/packages/a3/5c/00a0e072241553e1a7496d638deababa67c5058571567b92a7eaa258397c/pytest-8.4.2.tar.gz", hash = "sha256:86c0d0b93306b961d58d62a4db4879f27fe25513d4b969df351abdddb3c30e01", size = 1519618 }
wheels = [
    { url = "https://files.pythonhosted.org/packages/a8/a4/20da314d277121d6534b3a980b29035dcd51e6744bd79075a6ce8fa4eb8d/pytest-8.4.2-py3-none-any.whl", hash = "sha256:872f880de3fc3a5bdc88a11b39c9710c3497a547cfa9320bc3c5e62fbf272e79", size = 365750 },
]

[[package]]
name = "pytest-cov"
version = "7.0.0"
source = { registry = "https://pypi.org/simple" }
dependencies = [
    { name = "coverage" },
    { name = "pluggy" },
    { name = "pytest" },
]
sdist = { url = "https://files.pythonhosted.org/packages/5e/f7/c933acc76f5208b3b00089573cf6a2bc26dc80a8aece8f52bb7d6b1855ca/pytest_cov-7.0.0.tar.gz", hash = "sha256:33c97eda2e049a0c5298e91f519302a1334c26ac65c1a483d6206fd458361af1", size = 54328 }
wheels = [
    { url = "https://files.pythonhosted.org/packages/ee/49/1377b49de7d0c1ce41292161ea0f721913fa8722c19fb9c1e3aa0367eecb/pytest_cov-7.0.0-py3-none-any.whl", hash = "sha256:3b8e9558b16cc1479da72058bdecf8073661c7f57f7d3c5f22a1c23507f2d861", size = 22424 },
]

[[package]]
name = "pytest-xdist"
version = "3.8.0"
source = { registry = "https://pypi.org/simple" }
dependencies = [
    { name = "execnet" },
    { name = "pytest" },
]
sdist = { url = "https://files.pythonhosted.org/packages/78/b4/439b179d1ff526791eb921115fca8e44e596a13efeda518b9d845a619450/pytest_xdist-3.8.0.tar.gz", hash = "sha256:7e578125ec9bc6050861aa93f2d59f1d8d085595d6551c2c90b6f4fad8d3a9f1", size = 88069 }
wheels = [
    { url = "https://files.pythonhosted.org/packages/ca/31/d4e37e9e550c2b92a9cbc2e4d0b7420a27224968580b5a447f420847c975/pytest_xdist-3.8.0-py3-none-any.whl", hash = "sha256:202ca578cfeb7370784a8c33d6d05bc6e13b4f25b5053c30a152269fd10f0b88", size = 46396 },
]

[[package]]
name = "setuptools"
version = "75.8.0"
source = { registry = "https://pypi.org/simple" }
sdist = { url = "https://files.pythonhosted.org/packages/92/ec/089608b791d210aec4e7f97488e67ab0d33add3efccb83a056cbafe3a2a6/setuptools-75.8.0.tar.gz", hash = "sha256:c5afc8f407c626b8313a86e10311dd3f661c6cd9c09d4bf8c15c0e11f9f2b0e6", size = 1343222 }
wheels = [
    { url = "https://files.pythonhosted.org/packages/69/8a/b9dc7678803429e4a3bc9ba462fa3dd9066824d3c607490235c6a796be5a/setuptools-75.8.0-py3-none-any.whl", hash = "sha256:e3982f444617239225d675215d51f6ba05f845d4eec313da4418fdbb56fb27e3", size = 1228782 },
]

[[package]]
name = "urllib3"
version = "2.3.0"
source = { registry = "https://pypi.org/simple" }
sdist = { url = "https://files.pythonhosted.org/packages/aa/63/e53da845320b757bf29ef6a9062f5c669fe997973f966045cb019c3f4b66/urllib3-2.3.0.tar.gz", hash = "sha256:f8c5449b3cf0861679ce7e0503c7b44b5ec981bec0d1d3795a07f1ba96f0204d", size = 307268 }
wheels = [
    { url = "https://files.pythonhosted.org/packages/c8/19/4ec628951a74043532ca2cf5d97b7b14863931476d117c471e8e2b1eb39f/urllib3-2.3.0-py3-none-any.whl", hash = "sha256:1cee9ad369867bfdbbb48b7dd50374c0967a0bb7710050facf0dd6911440e3df", size = 128369 },
]

[[package]]
name = "xmltodict"
version = "0.14.2"
source = { registry = "https://pypi.org/simple" }
sdist = { url = "https://files.pythonhosted.org/packages/50/05/51dcca9a9bf5e1bce52582683ce50980bcadbc4fa5143b9f2b19ab99958f/xmltodict-0.14.2.tar.gz", hash = "sha256:201e7c28bb210e374999d1dde6382923ab0ed1a8a5faeece48ab525b7810a553", size = 51942 }
wheels = [
    { url = "https://files.pythonhosted.org/packages/d6/45/fc303eb433e8a2a271739c98e953728422fa61a3c1f36077a49e395c972e/xmltodict-0.14.2-py2.py3-none-any.whl", hash = "sha256:20cc7d723ed729276e808f26fb6b3599f786cbc37e06c65e192ba77c40f20aac", size = 9981 },
]
